
Microsoft Visual Studio Solution File, Format Version 12.00
# Visual Studio 15
VisualStudioVersion = 15.0.27428.2015
MinimumVisualStudioVersion = 10.0.40219.1
Project("{FAE04EC0-301F-11D3-BF4B-00C04F79EFBC}") = "Upsideo.Agreagateur.WebApi", "Upsideo.Agreagateur.WebApi\Upsideo.Agreagateur.WebApi.csproj", "{FBB427F6-2503-4E14-B47D-45255E9B1DFA}"
EndProject
Project("{FAE04EC0-301F-11D3-BF4B-00C04F79EFBC}") = "Upsideo.Agreagateur.Tests", "Upsideo.Agreagateur.Tests\Upsideo.Agreagateur.Tests.csproj", "{9BC7308A-F236-4D75-A7F9-DAEE7708F59A}"
EndProject
Project("{FAE04EC0-301F-11D3-BF4B-00C04F79EFBC}") = "Upsideo.Agreagateur.Services", "Upsideo.Agreagateur.Services\Upsideo.Agreagateur.Services.csproj", "{C4D8070E-2F5A-423E-A262-CA1605859253}"
EndProject
Global
	GlobalSection(SolutionConfigurationPlatforms) = preSolution
		Debug|Any CPU = Debug|Any CPU
		Release|Any CPU = Release|Any CPU
	EndGlobalSection
	GlobalSection(ProjectConfigurationPlatforms) = postSolution
		{FBB427F6-2503-4E14-B47D-45255E9B1DFA}.Debug|Any CPU.ActiveCfg = Debug|Any CPU
		{FBB427F6-2503-4E14-B47D-45255E9B1DFA}.Debug|Any CPU.Build.0 = Debug|Any CPU
		{FBB427F6-2503-4E14-B47D-45255E9B1DFA}.Release|Any CPU.ActiveCfg = Release|Any CPU
		{FBB427F6-2503-4E14-B47D-45255E9B1DFA}.Release|Any CPU.Build.0 = Release|Any CPU
		{9BC7308A-F236-4D75-A7F9-DAEE7708F59A}.Debug|Any CPU.ActiveCfg = Debug|Any CPU
		{9BC7308A-F236-4D75-A7F9-DAEE7708F59A}.Debug|Any CPU.Build.0 = Debug|Any CPU
		{9BC7308A-F236-4D75-A7F9-DAEE7708F59A}.Release|Any CPU.ActiveCfg = Release|Any CPU
		{9BC7308A-F236-4D75-A7F9-DAEE7708F59A}.Release|Any CPU.Build.0 = Release|Any CPU
		{C4D8070E-2F5A-423E-A262-CA1605859253}.Debug|Any CPU.ActiveCfg = Debug|Any CPU
		{C4D8070E-2F5A-423E-A262-CA1605859253}.Debug|Any CPU.Build.0 = Debug|Any CPU
		{C4D8070E-2F5A-423E-A262-CA1605859253}.Release|Any CPU.ActiveCfg = Release|Any CPU
		{C4D8070E-2F5A-423E-A262-CA1605859253}.Release|Any CPU.Build.0 = Release|Any CPU
	EndGlobalSection
	GlobalSection(SolutionProperties) = preSolution
		HideSolutionNode = FALSE
	EndGlobalSection
	GlobalSection(ExtensibilityGlobals) = postSolution
		SolutionGuid = {E85857A4-73BA-40E2-BDE8-952500EA46B9}
	EndGlobalSection
EndGlobal
